{
  "object": {
    "pins": [
      {
        "package": "SnapKit",
        "repositoryURL": "https://github.com/SnapKit/SnapKit.git",
        "state": {
          "branch": null,
          "revision": "d458564516e5676af9c70b4f4b2a9178294f1bc6",
          "version": "5.0.1"
        }
      },
      {
        "package": "UNILib",
        "repositoryURL": "https://github.com/alexey-savchenko/UNILib.git",
        "state": {
          "branch": "main",
          "revision": "9f1544888773c623d0c4d9d6dbf88c59a144bf65",
          "version": null
        }
      }
    ]
  },
  "version": 1
}
