// !$*UTF8*$!
{
	archiveVersion = 1;
	classes = {
	};
	objectVersion = 52;
	objects = {

/* Begin PBXBuildFile section */
		2254711B25EA803F00B4ECA3 /* UNILib in Frameworks */ = {isa = PBXBuildFile; productRef = 2254711A25EA803F00B4ECA3 /* UNILib */; };
		2254711F25EA964300B4ECA3 /* Ext.swift in Sources */ = {isa = PBXBuildFile; fileRef = 2254711E25EA964300B4ECA3 /* Ext.swift */; };
		2257A1A325B07DDA001F0A99 /* AppDelegate.swift in Sources */ = {isa = PBXBuildFile; fileRef = 2257A1A225B07DDA001F0A99 /* AppDelegate.swift */; };
		2257A1A725B07DDA001F0A99 /* ViewController.swift in Sources */ = {isa = PBXBuildFile; fileRef = 2257A1A625B07DDA001F0A99 /* ViewController.swift */; };
		2257A1AC25B07DDC001F0A99 /* Assets.xcassets in Resources */ = {isa = PBXBuildFile; fileRef = 2257A1AB25B07DDC001F0A99 /* Assets.xcassets */; };
		2257A1AF25B07DDC001F0A99 /* LaunchScreen.storyboard in Resources */ = {isa = PBXBuildFile; fileRef = 2257A1AD25B07DDC001F0A99 /* LaunchScreen.storyboard */; };
		2257A1B925B07F5A001F0A99 /* VideoUtility.swift in Sources */ = {isa = PBXBuildFile; fileRef = 2257A1B825B07F5A001F0A99 /* VideoUtility.swift */; };
		227056C625F8E21500D37103 /* PlayerView.swift in Sources */ = {isa = PBXBuildFile; fileRef = 227056C525F8E21500D37103 /* PlayerView.swift */; };
		227056CA25F8E46E00D37103 /* CircularProgressBarView.swift in Sources */ = {isa = PBXBuildFile; fileRef = 227056C925F8E46E00D37103 /* CircularProgressBarView.swift */; };
		227056CD25F8F8CC00D37103 /* AnyPublisher+Create.swift in Sources */ = {isa = PBXBuildFile; fileRef = 227056CC25F8F8CC00D37103 /* AnyPublisher+Create.swift */; };
/* End PBXBuildFile section */

/* Begin PBXFileReference section */
		2254711E25EA964300B4ECA3 /* Ext.swift */ = {isa = PBXFileReference; lastKnownFileType = sourcecode.swift; path = Ext.swift; sourceTree = "<group>"; };
		2257A19F25B07DDA001F0A99 /* StoryCropper.app */ = {isa = PBXFileReference; explicitFileType = wrapper.application; includeInIndex = 0; path = StoryCropper.app; sourceTree = BUILT_PRODUCTS_DIR; };
		2257A1A225B07DDA001F0A99 /* AppDelegate.swift */ = {isa = PBXFileReference; lastKnownFileType = sourcecode.swift; path = AppDelegate.swift; sourceTree = "<group>"; };
		2257A1A625B07DDA001F0A99 /* ViewController.swift */ = {isa = PBXFileReference; lastKnownFileType = sourcecode.swift; path = ViewController.swift; sourceTree = "<group>"; };
		2257A1AB25B07DDC001F0A99 /* Assets.xcassets */ = {isa = PBXFileReference; lastKnownFileType = folder.assetcatalog; path = Assets.xcassets; sourceTree = "<group>"; };
		2257A1AE25B07DDC001F0A99 /* Base */ = {isa = PBXFileReference; lastKnownFileType = file.storyboard; name = Base; path = Base.lproj/LaunchScreen.storyboard; sourceTree = "<group>"; };
		2257A1B025B07DDC001F0A99 /* Info.plist */ = {isa = PBXFileReference; lastKnownFileType = text.plist.xml; path = Info.plist; sourceTree = "<group>"; };
		2257A1B825B07F5A001F0A99 /* VideoUtility.swift */ = {isa = PBXFileReference; lastKnownFileType = sourcecode.swift; path = VideoUtility.swift; sourceTree = "<group>"; };
		227056C525F8E21500D37103 /* PlayerView.swift */ = {isa = PBXFileReference; lastKnownFileType = sourcecode.swift; path = PlayerView.swift; sourceTree = "<group>"; };
		227056C925F8E46E00D37103 /* CircularProgressBarView.swift */ = {isa = PBXFileReference; lastKnownFileType = sourcecode.swift; path = CircularProgressBarView.swift; sourceTree = "<group>"; };
		227056CC25F8F8CC00D37103 /* AnyPublisher+Create.swift */ = {isa = PBXFileReference; lastKnownFileType = sourcecode.swift; path = "AnyPublisher+Create.swift"; sourceTree = "<group>"; };
/* End PBXFileReference section */

/* Begin PBXFrameworksBuildPhase section */
		2257A19C25B07DDA001F0A99 /* Frameworks */ = {
			isa = PBXFrameworksBuildPhase;
			buildActionMask = 2147483647;
			files = (
				2254711B25EA803F00B4ECA3 /* UNILib in Frameworks */,
			);
			runOnlyForDeploymentPostprocessing = 0;
		};
/* End PBXFrameworksBuildPhase section */

/* Begin PBXGroup section */
		2257A19625B07DDA001F0A99 = {
			isa = PBXGroup;
			children = (
				2257A1A125B07DDA001F0A99 /* StoryCropper */,
				2257A1A025B07DDA001F0A99 /* Products */,
			);
			sourceTree = "<group>";
		};
		2257A1A025B07DDA001F0A99 /* Products */ = {
			isa = PBXGroup;
			children = (
				2257A19F25B07DDA001F0A99 /* StoryCropper.app */,
			);
			name = Products;
			sourceTree = "<group>";
		};
		2257A1A125B07DDA001F0A99 /* StoryCropper */ = {
			isa = PBXGroup;
			children = (
				2257A1A225B07DDA001F0A99 /* AppDelegate.swift */,
				2257A1B825B07F5A001F0A99 /* VideoUtility.swift */,
				227056C925F8E46E00D37103 /* CircularProgressBarView.swift */,
				2257A1A625B07DDA001F0A99 /* ViewController.swift */,
				2257A1AB25B07DDC001F0A99 /* Assets.xcassets */,
				2257A1AD25B07DDC001F0A99 /* LaunchScreen.storyboard */,
				2257A1B025B07DDC001F0A99 /* Info.plist */,
				2254711E25EA964300B4ECA3 /* Ext.swift */,
				227056C525F8E21500D37103 /* PlayerView.swift */,
				227056CC25F8F8CC00D37103 /* AnyPublisher+Create.swift */,
			);
			path = StoryCropper;
			sourceTree = "<group>";
		};
/* End PBXGroup section */

/* Begin PBXNativeTarget section */
		2257A19E25B07DDA001F0A99 /* StoryCropper */ = {
			isa = PBXNativeTarget;
			buildConfigurationList = 2257A1B325B07DDC001F0A99 /* Build configuration list for PBXNativeTarget "StoryCropper" */;
			buildPhases = (
				2257A19B25B07DDA001F0A99 /* Sources */,
				2257A19C25B07DDA001F0A99 /* Frameworks */,
				2257A19D25B07DDA001F0A99 /* Resources */,
			);
			buildRules = (
			);
			dependencies = (
			);
			name = StoryCropper;
			packageProductDependencies = (
				2254711A25EA803F00B4ECA3 /* UNILib */,
			);
			productName = StoryCropper;
			productReference = 2257A19F25B07DDA001F0A99 /* StoryCropper.app */;
			productType = "com.apple.product-type.application";
		};
/* End PBXNativeTarget section */

/* Begin PBXProject section */
		2257A19725B07DDA001F0A99 /* Project object */ = {
			isa = PBXProject;
			attributes = {
				LastSwiftUpdateCheck = 1220;
				LastUpgradeCheck = 1240;
				TargetAttributes = {
					2257A19E25B07DDA001F0A99 = {
						CreatedOnToolsVersion = 12.2;
					};
				};
			};
			buildConfigurationList = 2257A19A25B07DDA001F0A99 /* Build configuration list for PBXProject "StoryCropper" */;
			compatibilityVersion = "Xcode 9.3";
			developmentRegion = en;
			hasScannedForEncodings = 0;
			knownRegions = (
				en,
				Base,
			);
			mainGroup = 2257A19625B07DDA001F0A99;
			packageReferences = (
				2254711925EA803F00B4ECA3 /* XCRemoteSwiftPackageReference "UNILib" */,
			);
			productRefGroup = 2257A1A025B07DDA001F0A99 /* Products */;
			projectDirPath = "";
			projectRoot = "";
			targets = (
				2257A19E25B07DDA001F0A99 /* StoryCropper */,
			);
		};
/* End PBXProject section */

/* Begin PBXResourcesBuildPhase section */
		2257A19D25B07DDA001F0A99 /* Resources */ = {
			isa = PBXResourcesBuildPhase;
			buildActionMask = 2147483647;
			files = (
				2257A1AF25B07DDC001F0A99 /* LaunchScreen.storyboard in Resources */,
				2257A1AC25B07DDC001F0A99 /* Assets.xcassets in Resources */,
			);
			runOnlyForDeploymentPostprocessing = 0;
		};
/* End PBXResourcesBuildPhase section */

/* Begin PBXSourcesBuildPhase section */
		2257A19B25B07DDA001F0A99 /* Sources */ = {
			isa = PBXSourcesBuildPhase;
			buildActionMask = 2147483647;
			files = (
				227056C625F8E21500D37103 /* PlayerView.swift in Sources */,
				2257A1B925B07F5A001F0A99 /* VideoUtility.swift in Sources */,
				2254711F25EA964300B4ECA3 /* Ext.swift in Sources */,
				2257A1A725B07DDA001F0A99 /* ViewController.swift in Sources */,
				227056CA25F8E46E00D37103 /* CircularProgressBarView.swift in Sources */,
				2257A1A325B07DDA001F0A99 /* AppDelegate.swift in Sources */,
				227056CD25F8F8CC00D37103 /* AnyPublisher+Create.swift in Sources */,
			);
			runOnlyForDeploymentPostprocessing = 0;
		};
/* End PBXSourcesBuildPhase section */

/* Begin PBXVariantGroup section */
		2257A1AD25B07DDC001F0A99 /* LaunchScreen.storyboard */ = {
			isa = PBXVariantGroup;
			children = (
				2257A1AE25B07DDC001F0A99 /* Base */,
			);
			name = LaunchScreen.storyboard;
			sourceTree = "<group>";
		};
/* End PBXVariantGroup section */

/* Begin XCBuildConfiguration section */
		2257A1B125B07DDC001F0A99 /* Debug */ = {
			isa = XCBuildConfiguration;
			buildSettings = {
				ALWAYS_SEARCH_USER_PATHS = NO;
				CLANG_ANALYZER_NONNULL = YES;
				CLANG_ANALYZER_NUMBER_OBJECT_CONVERSION = YES_AGGRESSIVE;
				CLANG_CXX_LANGUAGE_STANDARD = "gnu++14";
				CLANG_CXX_LIBRARY = "libc++";
				CLANG_ENABLE_MODULES = YES;
				CLANG_ENABLE_OBJC_ARC = YES;
				CLANG_ENABLE_OBJC_WEAK = YES;
				CLANG_WARN_BLOCK_CAPTURE_AUTORELEASING = YES;
				CLANG_WARN_BOOL_CONVERSION = YES;
				CLANG_WARN_COMMA = YES;
				CLANG_WARN_CONSTANT_CONVERSION = YES;
				CLANG_WARN_DEPRECATED_OBJC_IMPLEMENTATIONS = YES;
				CLANG_WARN_DIRECT_OBJC_ISA_USAGE = YES_ERROR;
				CLANG_WARN_DOCUMENTATION_COMMENTS = YES;
				CLANG_WARN_EMPTY_BODY = YES;
				CLANG_WARN_ENUM_CONVERSION = YES;
				CLANG_WARN_INFINITE_RECURSION = YES;
				CLANG_WARN_INT_CONVERSION = YES;
				CLANG_WARN_NON_LITERAL_NULL_CONVERSION = YES;
				CLANG_WARN_OBJC_IMPLICIT_RETAIN_SELF = YES;
				CLANG_WARN_OBJC_LITERAL_CONVERSION = YES;
				CLANG_WARN_OBJC_ROOT_CLASS = YES_ERROR;
				CLANG_WARN_QUOTED_INCLUDE_IN_FRAMEWORK_HEADER = YES;
				CLANG_WARN_RANGE_LOOP_ANALYSIS = YES;
				CLANG_WARN_STRICT_PROTOTYPES = YES;
				CLANG_WARN_SUSPICIOUS_MOVE = YES;
				CLANG_WARN_UNGUARDED_AVAILABILITY = YES_AGGRESSIVE;
				CLANG_WARN_UNREACHABLE_CODE = YES;
				CLANG_WARN__DUPLICATE_METHOD_MATCH = YES;
				COPY_PHASE_STRIP = NO;
				DEBUG_INFORMATION_FORMAT = dwarf;
				ENABLE_STRICT_OBJC_MSGSEND = YES;
				ENABLE_TESTABILITY = YES;
				GCC_C_LANGUAGE_STANDARD = gnu11;
				GCC_DYNAMIC_NO_PIC = NO;
				GCC_NO_COMMON_BLOCKS = YES;
				GCC_OPTIMIZATION_LEVEL = 0;
				GCC_PREPROCESSOR_DEFINITIONS = (
					"DEBUG=1",
					"$(inherited)",
				);
				GCC_WARN_64_TO_32_BIT_CONVERSION = YES;
				GCC_WARN_ABOUT_RETURN_TYPE = YES_ERROR;
				GCC_WARN_UNDECLARED_SELECTOR = YES;
				GCC_WARN_UNINITIALIZED_AUTOS = YES_AGGRESSIVE;
				GCC_WARN_UNUSED_FUNCTION = YES;
				GCC_WARN_UNUSED_VARIABLE = YES;
				IPHONEOS_DEPLOYMENT_TARGET = 12.0;
				MTL_ENABLE_DEBUG_INFO = INCLUDE_SOURCE;
				MTL_FAST_MATH = YES;
				ONLY_ACTIVE_ARCH = YES;
				SDKROOT = iphoneos;
				SWIFT_ACTIVE_COMPILATION_CONDITIONS = DEBUG;
				SWIFT_OPTIMIZATION_LEVEL = "-Onone";
			};
			name = Debug;
		};
		2257A1B225B07DDC001F0A99 /* Release */ = {
			isa = XCBuildConfiguration;
			buildSettings = {
				ALWAYS_SEARCH_USER_PATHS = NO;
				CLANG_ANALYZER_NONNULL = YES;
				CLANG_ANALYZER_NUMBER_OBJECT_CONVERSION = YES_AGGRESSIVE;
				CLANG_CXX_LANGUAGE_STANDARD = "gnu++14";
				CLANG_CXX_LIBRARY = "libc++";
				CLANG_ENABLE_MODULES = YES;
				CLANG_ENABLE_OBJC_ARC = YES;
				CLANG_ENABLE_OBJC_WEAK = YES;
				CLANG_WARN_BLOCK_CAPTURE_AUTORELEASING = YES;
				CLANG_WARN_BOOL_CONVERSION = YES;
				CLANG_WARN_COMMA = YES;
				CLANG_WARN_CONSTANT_CONVERSION = YES;
				CLANG_WARN_DEPRECATED_OBJC_IMPLEMENTATIONS = YES;
				CLANG_WARN_DIRECT_OBJC_ISA_USAGE = YES_ERROR;
				CLANG_WARN_DOCUMENTATION_COMMENTS = YES;
				CLANG_WARN_EMPTY_BODY = YES;
				CLANG_WARN_ENUM_CONVERSION = YES;
				CLANG_WARN_INFINITE_RECURSION = YES;
				CLANG_WARN_INT_CONVERSION = YES;
				CLANG_WARN_NON_LITERAL_NULL_CONVERSION = YES;
				CLANG_WARN_OBJC_IMPLICIT_RETAIN_SELF = YES;
				CLANG_WARN_OBJC_LITERAL_CONVERSION = YES;
				CLANG_WARN_OBJC_ROOT_CLASS = YES_ERROR;
				CLANG_WARN_QUOTED_INCLUDE_IN_FRAMEWORK_HEADER = YES;
				CLANG_WARN_RANGE_LOOP_ANALYSIS = YES;
				CLANG_WARN_STRICT_PROTOTYPES = YES;
				CLANG_WARN_SUSPICIOUS_MOVE = YES;
				CLANG_WARN_UNGUARDED_AVAILABILITY = YES_AGGRESSIVE;
				CLANG_WARN_UNREACHABLE_CODE = YES;
				CLANG_WARN__DUPLICATE_METHOD_MATCH = YES;
				COPY_PHASE_STRIP = NO;
				DEBUG_INFORMATION_FORMAT = "dwarf-with-dsym";
				ENABLE_NS_ASSERTIONS = NO;
				ENABLE_STRICT_OBJC_MSGSEND = YES;
				GCC_C_LANGUAGE_STANDARD = gnu11;
				GCC_NO_COMMON_BLOCKS = YES;
				GCC_WARN_64_TO_32_BIT_CONVERSION = YES;
				GCC_WARN_ABOUT_RETURN_TYPE = YES_ERROR;
				GCC_WARN_UNDECLARED_SELECTOR = YES;
				GCC_WARN_UNINITIALIZED_AUTOS = YES_AGGRESSIVE;
				GCC_WARN_UNUSED_FUNCTION = YES;
				GCC_WARN_UNUSED_VARIABLE = YES;
				IPHONEOS_DEPLOYMENT_TARGET = 12.0;
				MTL_ENABLE_DEBUG_INFO = NO;
				MTL_FAST_MATH = YES;
				SDKROOT = iphoneos;
				SWIFT_COMPILATION_MODE = wholemodule;
				SWIFT_OPTIMIZATION_LEVEL = "-O";
				VALIDATE_PRODUCT = YES;
			};
			name = Release;
		};
		2257A1B425B07DDC001F0A99 /* Debug */ = {
			isa = XCBuildConfiguration;
			buildSettings = {
				ASSETCATALOG_COMPILER_APPICON_NAME = AppIcon;
				ASSETCATALOG_COMPILER_GLOBAL_ACCENT_COLOR_NAME = AccentColor;
				CODE_SIGN_STYLE = Automatic;
				DEVELOPMENT_TEAM = 3C5B553S6Y;
				INFOPLIST_FILE = StoryCropper/Info.plist;
				IPHONEOS_DEPLOYMENT_TARGET = 13.0;
				LD_RUNPATH_SEARCH_PATHS = (
					"$(inherited)",
					"@executable_path/Frameworks",
				);
				PRODUCT_BUNDLE_IDENTIFIER = universe.StoryCropper;
				PRODUCT_NAME = "$(TARGET_NAME)";
				SWIFT_VERSION = 5.0;
				TARGETED_DEVICE_FAMILY = "1,2";
			};
			name = Debug;
		};
		2257A1B525B07DDC001F0A99 /* Release */ = {
			isa = XCBuildConfiguration;
			buildSettings = {
				ASSETCATALOG_COMPILER_APPICON_NAME = AppIcon;
				ASSETCATALOG_COMPILER_GLOBAL_ACCENT_COLOR_NAME = AccentColor;
				CODE_SIGN_STYLE = Automatic;
				DEVELOPMENT_TEAM = 3C5B553S6Y;
				INFOPLIST_FILE = StoryCropper/Info.plist;
				IPHONEOS_DEPLOYMENT_TARGET = 13.0;
				LD_RUNPATH_SEARCH_PATHS = (
					"$(inherited)",
					"@executable_path/Frameworks",
				);
				PRODUCT_BUNDLE_IDENTIFIER = universe.StoryCropper;
				PRODUCT_NAME = "$(TARGET_NAME)";
				SWIFT_VERSION = 5.0;
				TARGETED_DEVICE_FAMILY = "1,2";
			};
			name = Release;
		};
/* End XCBuildConfiguration section */

/* Begin XCConfigurationList section */
		2257A19A25B07DDA001F0A99 /* Build configuration list for PBXProject "StoryCropper" */ = {
			isa = XCConfigurationList;
			buildConfigurations = (
				2257A1B125B07DDC001F0A99 /* Debug */,
				2257A1B225B07DDC001F0A99 /* Release */,
			);
			defaultConfigurationIsVisible = 0;
			defaultConfigurationName = Release;
		};
		2257A1B325B07DDC001F0A99 /* Build configuration list for PBXNativeTarget "StoryCropper" */ = {
			isa = XCConfigurationList;
			buildConfigurations = (
				2257A1B425B07DDC001F0A99 /* Debug */,
				2257A1B525B07DDC001F0A99 /* Release */,
			);
			defaultConfigurationIsVisible = 0;
			defaultConfigurationName = Release;
		};
/* End XCConfigurationList section */

/* Begin XCRemoteSwiftPackageReference section */
		2254711925EA803F00B4ECA3 /* XCRemoteSwiftPackageReference "UNILib" */ = {
			isa = XCRemoteSwiftPackageReference;
			repositoryURL = "https://github.com/alexey-savchenko/UNILib.git";
			requirement = {
				branch = main;
				kind = branch;
			};
		};
/* End XCRemoteSwiftPackageReference section */

/* Begin XCSwiftPackageProductDependency section */
		2254711A25EA803F00B4ECA3 /* UNILib */ = {
			isa = XCSwiftPackageProductDependency;
			package = 2254711925EA803F00B4ECA3 /* XCRemoteSwiftPackageReference "UNILib" */;
			productName = UNILib;
		};
/* End XCSwiftPackageProductDependency section */
	};
	rootObject = 2257A19725B07DDA001F0A99 /* Project object */;
}
